
Microsoft Visual Studio Solution File, Format Version 12.00
# Visual Studio Version 17
VisualStudioVersion = 17.0.31903.59
MinimumVisualStudioVersion = 10.0.40219.1
Project("{2150E333-8FDC-42A3-9474-1A3956D46DE8}") = "src", "src", "{827E0CD3-B72D-47B6-A68D-7590B98EB39B}"
EndProject
Project("{FAE04EC0-301F-11D3-BF4B-00C04F79EFBC}") = "NewDialer.Desktop", "src\NewDialer.Desktop\NewDialer.Desktop.csproj", "{C37617AE-54A1-430B-8F40-F3BBC807600C}"
EndProject
Project("{FAE04EC0-301F-11D3-BF4B-00C04F79EFBC}") = "NewDialer.Api", "src\NewDialer.Api\NewDialer.Api.csproj", "{8958ED76-07F9-42D1-87D9-EA727696242B}"
EndProject
Project("{FAE04EC0-301F-11D3-BF4B-00C04F79EFBC}") = "NewDialer.Domain", "src\NewDialer.Domain\NewDialer.Domain.csproj", "{BA13C216-6D50-4AD6-8A2A-DF259B3D07D1}"
EndProject
Project("{FAE04EC0-301F-11D3-BF4B-00C04F79EFBC}") = "NewDialer.Application", "src\NewDialer.Application\NewDialer.Application.csproj", "{8CD50442-06F6-476D-9CAE-8754A0B8F77E}"
EndProject
Project("{FAE04EC0-301F-11D3-BF4B-00C04F79EFBC}") = "NewDialer.Infrastructure", "src\NewDialer.Infrastructure\NewDialer.Infrastructure.csproj", "{D532FFA2-C4EA-479B-9280-D26B65FA83EE}"
EndProject
Project("{FAE04EC0-301F-11D3-BF4B-00C04F79EFBC}") = "NewDialer.Contracts", "src\NewDialer.Contracts\NewDialer.Contracts.csproj", "{21BF368A-20F5-4A7C-8EBA-60AB131D5E93}"
EndProject
Project("{2150E333-8FDC-42A3-9474-1A3956D46DE8}") = "tests", "tests", "{0AB3BF05-4346-4AA6-1389-037BE0695223}"
EndProject
Project("{FAE04EC0-301F-11D3-BF4B-00C04F79EFBC}") = "NewDialer.Domain.Tests", "tests\NewDialer.Domain.Tests\NewDialer.Domain.Tests.csproj", "{F3BEFDAE-63BF-4D05-B0E8-9808D5AE4A11}"
EndProject
Global
	GlobalSection(SolutionConfigurationPlatforms) = preSolution
		Debug|Any CPU = Debug|Any CPU
		Debug|x64 = Debug|x64
		Debug|x86 = Debug|x86
		Release|Any CPU = Release|Any CPU
		Release|x64 = Release|x64
		Release|x86 = Release|x86
	EndGlobalSection
	GlobalSection(ProjectConfigurationPlatforms) = postSolution
		{C37617AE-54A1-430B-8F40-F3BBC807600C}.Debug|Any CPU.ActiveCfg = Debug|Any CPU
		{C37617AE-54A1-430B-8F40-F3BBC807600C}.Debug|Any CPU.Build.0 = Debug|Any CPU
		{C37617AE-54A1-430B-8F40-F3BBC807600C}.Debug|x64.ActiveCfg = Debug|Any CPU
		{C37617AE-54A1-430B-8F40-F3BBC807600C}.Debug|x64.Build.0 = Debug|Any CPU
		{C37617AE-54A1-430B-8F40-F3BBC807600C}.Debug|x86.ActiveCfg = Debug|Any CPU
		{C37617AE-54A1-430B-8F40-F3BBC807600C}.Debug|x86.Build.0 = Debug|Any CPU
		{C37617AE-54A1-430B-8F40-F3BBC807600C}.Release|Any CPU.ActiveCfg = Release|Any CPU
		{C37617AE-54A1-430B-8F40-F3BBC807600C}.Release|Any CPU.Build.0 = Release|Any CPU
		{C37617AE-54A1-430B-8F40-F3BBC807600C}.Release|x64.ActiveCfg = Release|Any CPU
		{C37617AE-54A1-430B-8F40-F3BBC807600C}.Release|x64.Build.0 = Release|Any CPU
		{C37617AE-54A1-430B-8F40-F3BBC807600C}.Release|x86.ActiveCfg = Release|Any CPU
		{C37617AE-54A1-430B-8F40-F3BBC807600C}.Release|x86.Build.0 = Release|Any CPU
		{8958ED76-07F9-42D1-87D9-EA727696242B}.Debug|Any CPU.ActiveCfg = Debug|Any CPU
		{8958ED76-07F9-42D1-87D9-EA727696242B}.Debug|Any CPU.Build.0 = Debug|Any CPU
		{8958ED76-07F9-42D1-87D9-EA727696242B}.Debug|x64.ActiveCfg = Debug|Any CPU
		{8958ED76-07F9-42D1-87D9-EA727696242B}.Debug|x64.Build.0 = Debug|Any CPU
		{8958ED76-07F9-42D1-87D9-EA727696242B}.Debug|x86.ActiveCfg = Debug|Any CPU
		{8958ED76-07F9-42D1-87D9-EA727696242B}.Debug|x86.Build.0 = Debug|Any CPU
		{8958ED76-07F9-42D1-87D9-EA727696242B}.Release|Any CPU.ActiveCfg = Release|Any CPU
		{8958ED76-07F9-42D1-87D9-EA727696242B}.Release|Any CPU.Build.0 = Release|Any CPU
		{8958ED76-07F9-42D1-87D9-EA727696242B}.Release|x64.ActiveCfg = Release|Any CPU
		{8958ED76-07F9-42D1-87D9-EA727696242B}.Release|x64.Build.0 = Release|Any CPU
		{8958ED76-07F9-42D1-87D9-EA727696242B}.Release|x86.ActiveCfg = Release|Any CPU
		{8958ED76-07F9-42D1-87D9-EA727696242B}.Release|x86.Build.0 = Release|Any CPU
		{BA13C216-6D50-4AD6-8A2A-DF259B3D07D1}.Debug|Any CPU.ActiveCfg = Debug|Any CPU
		{BA13C216-6D50-4AD6-8A2A-DF259B3D07D1}.Debug|Any CPU.Build.0 = Debug|Any CPU
		{BA13C216-6D50-4AD6-8A2A-DF259B3D07D1}.Debug|x64.ActiveCfg = Debug|Any CPU
		{BA13C216-6D50-4AD6-8A2A-DF259B3D07D1}.Debug|x64.Build.0 = Debug|Any CPU
		{BA13C216-6D50-4AD6-8A2A-DF259B3D07D1}.Debug|x86.ActiveCfg = Debug|Any CPU
		{BA13C216-6D50-4AD6-8A2A-DF259B3D07D1}.Debug|x86.Build.0 = Debug|Any CPU
		{BA13C216-6D50-4AD6-8A2A-DF259B3D07D1}.Release|Any CPU.ActiveCfg = Release|Any CPU
		{BA13C216-6D50-4AD6-8A2A-DF259B3D07D1}.Release|Any CPU.Build.0 = Release|Any CPU
		{BA13C216-6D50-4AD6-8A2A-DF259B3D07D1}.Release|x64.ActiveCfg = Release|Any CPU
		{BA13C216-6D50-4AD6-8A2A-DF259B3D07D1}.Release|x64.Build.0 = Release|Any CPU
		{BA13C216-6D50-4AD6-8A2A-DF259B3D07D1}.Release|x86.ActiveCfg = Release|Any CPU
		{BA13C216-6D50-4AD6-8A2A-DF259B3D07D1}.Release|x86.Build.0 = Release|Any CPU
		{8CD50442-06F6-476D-9CAE-8754A0B8F77E}.Debug|Any CPU.ActiveCfg = Debug|Any CPU
		{8CD50442-06F6-476D-9CAE-8754A0B8F77E}.Debug|Any CPU.Build.0 = Debug|Any CPU
		{8CD50442-06F6-476D-9CAE-8754A0B8F77E}.Debug|x64.ActiveCfg = Debug|Any CPU
		{8CD50442-06F6-476D-9CAE-8754A0B8F77E}.Debug|x64.Build.0 = Debug|Any CPU
		{8CD50442-06F6-476D-9CAE-8754A0B8F77E}.Debug|x86.ActiveCfg = Debug|Any CPU
		{8CD50442-06F6-476D-9CAE-8754A0B8F77E}.Debug|x86.Build.0 = Debug|Any CPU
		{8CD50442-06F6-476D-9CAE-8754A0B8F77E}.Release|Any CPU.ActiveCfg = Release|Any CPU
		{8CD50442-06F6-476D-9CAE-8754A0B8F77E}.Release|Any CPU.Build.0 = Release|Any CPU
		{8CD50442-06F6-476D-9CAE-8754A0B8F77E}.Release|x64.ActiveCfg = Release|Any CPU
		{8CD50442-06F6-476D-9CAE-8754A0B8F77E}.Release|x64.Build.0 = Release|Any CPU
		{8CD50442-06F6-476D-9CAE-8754A0B8F77E}.Release|x86.ActiveCfg = Release|Any CPU
		{8CD50442-06F6-476D-9CAE-8754A0B8F77E}.Release|x86.Build.0 = Release|Any CPU
		{D532FFA2-C4EA-479B-9280-D26B65FA83EE}.Debug|Any CPU.ActiveCfg = Debug|Any CPU
		{D532FFA2-C4EA-479B-9280-D26B65FA83EE}.Debug|Any CPU.Build.0 = Debug|Any CPU
		{D532FFA2-C4EA-479B-9280-D26B65FA83EE}.Debug|x64.ActiveCfg = Debug|Any CPU
		{D532FFA2-C4EA-479B-9280-D26B65FA83EE}.Debug|x64.Build.0 = Debug|Any CPU
		{D532FFA2-C4EA-479B-9280-D26B65FA83EE}.Debug|x86.ActiveCfg = Debug|Any CPU
		{D532FFA2-C4EA-479B-9280-D26B65FA83EE}.Debug|x86.Build.0 = Debug|Any CPU
		{D532FFA2-C4EA-479B-9280-D26B65FA83EE}.Release|Any CPU.ActiveCfg = Release|Any CPU
		{D532FFA2-C4EA-479B-9280-D26B65FA83EE}.Release|Any CPU.Build.0 = Release|Any CPU
		{D532FFA2-C4EA-479B-9280-D26B65FA83EE}.Release|x64.ActiveCfg = Release|Any CPU
		{D532FFA2-C4EA-479B-9280-D26B65FA83EE}.Release|x64.Build.0 = Release|Any CPU
		{D532FFA2-C4EA-479B-9280-D26B65FA83EE}.Release|x86.ActiveCfg = Release|Any CPU
		{D532FFA2-C4EA-479B-9280-D26B65FA83EE}.Release|x86.Build.0 = Release|Any CPU
		{21BF368A-20F5-4A7C-8EBA-60AB131D5E93}.Debug|Any CPU.ActiveCfg = Debug|Any CPU
		{21BF368A-20F5-4A7C-8EBA-60AB131D5E93}.Debug|Any CPU.Build.0 = Debug|Any CPU
		{21BF368A-20F5-4A7C-8EBA-60AB131D5E93}.Debug|x64.ActiveCfg = Debug|Any CPU
		{21BF368A-20F5-4A7C-8EBA-60AB131D5E93}.Debug|x64.Build.0 = Debug|Any CPU
		{21BF368A-20F5-4A7C-8EBA-60AB131D5E93}.Debug|x86.ActiveCfg = Debug|Any CPU
		{21BF368A-20F5-4A7C-8EBA-60AB131D5E93}.Debug|x86.Build.0 = Debug|Any CPU
		{21BF368A-20F5-4A7C-8EBA-60AB131D5E93}.Release|Any CPU.ActiveCfg = Release|Any CPU
		{21BF368A-20F5-4A7C-8EBA-60AB131D5E93}.Release|Any CPU.Build.0 = Release|Any CPU
		{21BF368A-20F5-4A7C-8EBA-60AB131D5E93}.Release|x64.ActiveCfg = Release|Any CPU
		{21BF368A-20F5-4A7C-8EBA-60AB131D5E93}.Release|x64.Build.0 = Release|Any CPU
		{21BF368A-20F5-4A7C-8EBA-60AB131D5E93}.Release|x86.ActiveCfg = Release|Any CPU
		{21BF368A-20F5-4A7C-8EBA-60AB131D5E93}.Release|x86.Build.0 = Release|Any CPU
		{F3BEFDAE-63BF-4D05-B0E8-9808D5AE4A11}.Debug|Any CPU.ActiveCfg = Debug|Any CPU
		{F3BEFDAE-63BF-4D05-B0E8-9808D5AE4A11}.Debug|Any CPU.Build.0 = Debug|Any CPU
		{F3BEFDAE-63BF-4D05-B0E8-9808D5AE4A11}.Debug|x64.ActiveCfg = Debug|Any CPU
		{F3BEFDAE-63BF-4D05-B0E8-9808D5AE4A11}.Debug|x64.Build.0 = Debug|Any CPU
		{F3BEFDAE-63BF-4D05-B0E8-9808D5AE4A11}.Debug|x86.ActiveCfg = Debug|Any CPU
		{F3BEFDAE-63BF-4D05-B0E8-9808D5AE4A11}.Debug|x86.Build.0 = Debug|Any CPU
		{F3BEFDAE-63BF-4D05-B0E8-9808D5AE4A11}.Release|Any CPU.ActiveCfg = Release|Any CPU
		{F3BEFDAE-63BF-4D05-B0E8-9808D5AE4A11}.Release|Any CPU.Build.0 = Release|Any CPU
		{F3BEFDAE-63BF-4D05-B0E8-9808D5AE4A11}.Release|x64.ActiveCfg = Release|Any CPU
		{F3BEFDAE-63BF-4D05-B0E8-9808D5AE4A11}.Release|x64.Build.0 = Release|Any CPU
		{F3BEFDAE-63BF-4D05-B0E8-9808D5AE4A11}.Release|x86.ActiveCfg = Release|Any CPU
		{F3BEFDAE-63BF-4D05-B0E8-9808D5AE4A11}.Release|x86.Build.0 = Release|Any CPU
	EndGlobalSection
	GlobalSection(SolutionProperties) = preSolution
		HideSolutionNode = FALSE
	EndGlobalSection
	GlobalSection(NestedProjects) = preSolution
		{C37617AE-54A1-430B-8F40-F3BBC807600C} = {827E0CD3-B72D-47B6-A68D-7590B98EB39B}
		{8958ED76-07F9-42D1-87D9-EA727696242B} = {827E0CD3-B72D-47B6-A68D-7590B98EB39B}
		{BA13C216-6D50-4AD6-8A2A-DF259B3D07D1} = {827E0CD3-B72D-47B6-A68D-7590B98EB39B}
		{8CD50442-06F6-476D-9CAE-8754A0B8F77E} = {827E0CD3-B72D-47B6-A68D-7590B98EB39B}
		{D532FFA2-C4EA-479B-9280-D26B65FA83EE} = {827E0CD3-B72D-47B6-A68D-7590B98EB39B}
		{21BF368A-20F5-4A7C-8EBA-60AB131D5E93} = {827E0CD3-B72D-47B6-A68D-7590B98EB39B}
		{F3BEFDAE-63BF-4D05-B0E8-9808D5AE4A11} = {0AB3BF05-4346-4AA6-1389-037BE0695223}
	EndGlobalSection
EndGlobal
